// !$*UTF8*$!
{
	archiveVersion = 1;
	classes = {
	};
	objectVersion = 46;
	objects = {

/* Begin PBXBuildFile section */
		6554341B1A78A74600437448 /* AppDelegate.swift in Sources */ = {isa = PBXBuildFile; fileRef = 6554341A1A78A74600437448 /* AppDelegate.swift */; };
		6554341D1A78A74600437448 /* ViewController.swift in Sources */ = {isa = PBXBuildFile; fileRef = 6554341C1A78A74600437448 /* ViewController.swift */; };
		655434201A78A74600437448 /* Main.storyboard in Resources */ = {isa = PBXBuildFile; fileRef = 6554341E1A78A74600437448 /* Main.storyboard */; };
		655434221A78A74600437448 /* Images.xcassets in Resources */ = {isa = PBXBuildFile; fileRef = 655434211A78A74600437448 /* Images.xcassets */; };
		655434251A78A74600437448 /* LaunchScreen.xib in Resources */ = {isa = PBXBuildFile; fileRef = 655434231A78A74600437448 /* LaunchScreen.xib */; };
		655434311A78A74700437448 /* PostcardTests.swift in Sources */ = {isa = PBXBuildFile; fileRef = 655434301A78A74700437448 /* PostcardTests.swift */; };
/* End PBXBuildFile section */

/* Begin PBXContainerItemProxy section */
		6554342B1A78A74700437448 /* PBXContainerItemProxy */ = {
			isa = PBXContainerItemProxy;
			containerPortal = 6554340D1A78A74600437448 /* Project object */;
			proxyType = 1;
			remoteGlobalIDString = 655434141A78A74600437448;
			remoteInfo = Postcard;
		};
/* End PBXContainerItemProxy section */

/* Begin PBXFileReference section */
		655434151A78A74600437448 /* Postcard.app */ = {isa = PBXFileReference; explicitFileType = wrapper.application; includeInIndex = 0; path = Postcard.app; sourceTree = BUILT_PRODUCTS_DIR; };
		655434191A78A74600437448 /* Info.plist */ = {isa = PBXFileReference; lastKnownFileType = text.plist.xml; path = Info.plist; sourceTree = "<group>"; };
		6554341A1A78A74600437448 /* AppDelegate.swift */ = {isa = PBXFileReference; lastKnownFileType = sourcecode.swift; path = AppDelegate.swift; sourceTree = "<group>"; };
		6554341C1A78A74600437448 /* ViewController.swift */ = {isa = PBXFileReference; lastKnownFileType = sourcecode.swift; path = ViewController.swift; sourceTree = "<group>"; };
		6554341F1A78A74600437448 /* Base */ = {isa = PBXFileReference; lastKnownFileType = file.storyboard; name = Base; path = Base.lproj/Main.storyboard; sourceTree = "<group>"; };
		655434211A78A74600437448 /* Images.xcassets */ = {isa = PBXFileReference; lastKnownFileType = folder.assetcatalog; path = Images.xcassets; sourceTree = "<group>"; };
		655434241A78A74600437448 /* Base */ = {isa = PBXFileReference; lastKnownFileType = file.xib; name = Base; path = Base.lproj/LaunchScreen.xib; sourceTree = "<group>"; };
		6554342A1A78A74700437448 /* PostcardTests.xctest */ = {isa = PBXFileReference; explicitFileType = wrapper.cfbundle; includeInIndex = 0; path = PostcardTests.xctest; sourceTree = BUILT_PRODUCTS_DIR; };
		6554342F1A78A74700437448 /* Info.plist */ = {isa = PBXFileReference; lastKnownFileType = text.plist.xml; path = Info.plist; sourceTree = "<group>"; };
		655434301A78A74700437448 /* PostcardTests.swift */ = {isa = PBXFileReference; lastKnownFileType = sourcecode.swift; path = PostcardTests.swift; sourceTree = "<group>"; };
/* End PBXFileReference section */

/* Begin PBXFrameworksBuildPhase section */
		655434121A78A74600437448 /* Frameworks */ = {
			isa = PBXFrameworksBuildPhase;
			buildActionMask = 2147483647;
			files = (
			);
			runOnlyForDeploymentPostprocessing = 0;
		};
		655434271A78A74700437448 /* Frameworks */ = {
			isa = PBXFrameworksBuildPhase;
			buildActionMask = 2147483647;
			files = (
			);
			runOnlyForDeploymentPostprocessing = 0;
		};
/* End PBXFrameworksBuildPhase section */

/* Begin PBXGroup section */
		6554340C1A78A74600437448 = {
			isa = PBXGroup;
			children = (
				655434171A78A74600437448 /* Postcard */,
				6554342D1A78A74700437448 /* PostcardTests */,
				655434161A78A74600437448 /* Products */,
			);
			sourceTree = "<group>";
		};
		655434161A78A74600437448 /* Products */ = {
			isa = PBXGroup;
			children = (
				655434151A78A74600437448 /* Postcard.app */,
				6554342A1A78A74700437448 /* PostcardTests.xctest */,
			);
			name = Products;
			sourceTree = "<group>";
		};
		655434171A78A74600437448 /* Postcard */ = {
			isa = PBXGroup;
			children = (
				6554341A1A78A74600437448 /* AppDelegate.swift */,
				6554341C1A78A74600437448 /* ViewController.swift */,
				6554341E1A78A74600437448 /* Main.storyboard */,
				655434211A78A74600437448 /* Images.xcassets */,
				655434231A78A74600437448 /* LaunchScreen.xib */,
				655434181A78A74600437448 /* Supporting Files */,
			);
			path = Postcard;
			sourceTree = "<group>";
		};
		655434181A78A74600437448 /* Supporting Files */ = {
			isa = PBXGroup;
			children = (
				655434191A78A74600437448 /* Info.plist */,
			);
			name = "Supporting Files";
			sourceTree = "<group>";
		};
		6554342D1A78A74700437448 /* PostcardTests */ = {
			isa = PBXGroup;
			children = (
				655434301A78A74700437448 /* PostcardTests.swift */,
				6554342E1A78A74700437448 /* Supporting Files */,
			);
			path = PostcardTests;
			sourceTree = "<group>";
		};
		6554342E1A78A74700437448 /* Supporting Files */ = {
			isa = PBXGroup;
			children = (
				6554342F1A78A74700437448 /* Info.plist */,
			);
			name = "Supporting Files";
			sourceTree = "<group>";
		};
/* End PBXGroup section */

/* Begin PBXNativeTarget section */
		655434141A78A74600437448 /* Postcard */ = {
			isa = PBXNativeTarget;
			buildConfigurationList = 655434341A78A74700437448 /* Build configuration list for PBXNativeTarget "Postcard" */;
			buildPhases = (
				655434111A78A74600437448 /* Sources */,
				655434121A78A74600437448 /* Frameworks */,
				655434131A78A74600437448 /* Resources */,
			);
			buildRules = (
			);
			dependencies = (
			);
			name = Postcard;
			productName = Postcard;
			productReference = 655434151A78A74600437448 /* Postcard.app */;
			productType = "com.apple.product-type.application";
		};
		655434291A78A74700437448 /* PostcardTests */ = {
			isa = PBXNativeTarget;
			buildConfigurationList = 655434371A78A74700437448 /* Build configuration list for PBXNativeTarget "PostcardTests" */;
			buildPhases = (
				655434261A78A74700437448 /* Sources */,
				655434271A78A74700437448 /* Frameworks */,
				655434281A78A74700437448 /* Resources */,
			);
			buildRules = (
			);
			dependencies = (
				6554342C1A78A74700437448 /* PBXTargetDependency */,
			);
			name = PostcardTests;
			productName = PostcardTests;
			productReference = 6554342A1A78A74700437448 /* PostcardTests.xctest */;
			productType = "com.apple.product-type.bundle.unit-test";
		};
/* End PBXNativeTarget section */

/* Begin PBXProject section */
		6554340D1A78A74600437448 /* Project object */ = {
			isa = PBXProject;
			attributes = {
				LastUpgradeCheck = 0610;
				ORGANIZATIONNAME = "Derek Harris";
				TargetAttributes = {
					655434141A78A74600437448 = {
						CreatedOnToolsVersion = 6.1.1;
					};
					655434291A78A74700437448 = {
						CreatedOnToolsVersion = 6.1.1;
						TestTargetID = 655434141A78A74600437448;
					};
				};
			};
			buildConfigurationList = 655434101A78A74600437448 /* Build configuration list for PBXProject "Postcard" */;
			compatibilityVersion = "Xcode 3.2";
			developmentRegion = English;
			hasScannedForEncodings = 0;
			knownRegions = (
				en,
				Base,
			);
			mainGroup = 6554340C1A78A74600437448;
			productRefGroup = 655434161A78A74600437448 /* Products */;
			projectDirPath = "";
			projectRoot = "";
			targets = (
				655434141A78A74600437448 /* Postcard */,
				655434291A78A74700437448 /* PostcardTests */,
			);
		};
/* End PBXProject section */

/* Begin PBXResourcesBuildPhase section */
		655434131A78A74600437448 /* Resources */ = {
			isa = PBXResourcesBuildPhase;
			buildActionMask = 2147483647;
			files = (
				655434201A78A74600437448 /* Main.storyboard in Resources */,
				655434251A78A74600437448 /* LaunchScreen.xib in Resources */,
				655434221A78A74600437448 /* Images.xcassets in Resources */,
			);
			runOnlyForDeploymentPostprocessing = 0;
		};
		655434281A78A74700437448 /* Resources */ = {
			isa = PBXResourcesBuildPhase;
			buildActionMask = 2147483647;
			files = (
			);
			runOnlyForDeploymentPostprocessing = 0;
		};
/* End PBXResourcesBuildPhase section */

/* Begin PBXSourcesBuildPhase section */
		655434111A78A74600437448 /* Sources */ = {
			isa = PBXSourcesBuildPhase;
			buildActionMask = 2147483647;
			files = (
				6554341D1A78A74600437448 /* ViewController.swift in Sources */,
				6554341B1A78A74600437448 /* AppDelegate.swift in Sources */,
			);
			runOnlyForDeploymentPostprocessing = 0;
		};
		655434261A78A74700437448 /* Sources */ = {
			isa = PBXSourcesBuildPhase;
			buildActionMask = 2147483647;
			files = (
				655434311A78A74700437448 /* PostcardTests.swift in Sources */,
			);
			runOnlyForDeploymentPostprocessing = 0;
		};
/* End PBXSourcesBuildPhase section */

/* Begin PBXTargetDependency section */
		6554342C1A78A74700437448 /* PBXTargetDependency */ = {
			isa = PBXTargetDependency;
			target = 655434141A78A74600437448 /* Postcard */;
			targetProxy = 6554342B1A78A74700437448 /* PBXContainerItemProxy */;
		};
/* End PBXTargetDependency section */

/* Begin PBXVariantGroup section */
		6554341E1A78A74600437448 /* Main.storyboard */ = {
			isa = PBXVariantGroup;
			children = (
				6554341F1A78A74600437448 /* Base */,
			);
			name = Main.storyboard;
			sourceTree = "<group>";
		};
		655434231A78A74600437448 /* LaunchScreen.xib */ = {
			isa = PBXVariantGroup;
			children = (
				655434241A78A74600437448 /* Base */,
			);
			name = LaunchScreen.xib;
			sourceTree = "<group>";
		};
/* End PBXVariantGroup section */

/* Begin XCBuildConfiguration section */
		655434321A78A74700437448 /* Debug */ = {
			isa = XCBuildConfiguration;
			buildSettings = {
				ALWAYS_SEARCH_USER_PATHS = NO;
				CLANG_CXX_LANGUAGE_STANDARD = "gnu++0x";
				CLANG_CXX_LIBRARY = "libc++";
				CLANG_ENABLE_MODULES = YES;
				CLANG_ENABLE_OBJC_ARC = YES;
				CLANG_WARN_BOOL_CONVERSION = YES;
				CLANG_WARN_CONSTANT_CONVERSION = YES;
				CLANG_WARN_DIRECT_OBJC_ISA_USAGE = YES_ERROR;
				CLANG_WARN_EMPTY_BODY = YES;
				CLANG_WARN_ENUM_CONVERSION = YES;
				CLANG_WARN_INT_CONVERSION = YES;
				CLANG_WARN_OBJC_ROOT_CLASS = YES_ERROR;
				CLANG_WARN_UNREACHABLE_CODE = YES;
				CLANG_WARN__DUPLICATE_METHOD_MATCH = YES;
				"CODE_SIGN_IDENTITY[sdk=iphoneos*]" = "iPhone Developer";
				COPY_PHASE_STRIP = NO;
				ENABLE_STRICT_OBJC_MSGSEND = YES;
				GCC_C_LANGUAGE_STANDARD = gnu99;
				GCC_DYNAMIC_NO_PIC = NO;
				GCC_OPTIMIZATION_LEVEL = 0;
				GCC_PREPROCESSOR_DEFINITIONS = (
					"DEBUG=1",
					"$(inherited)",
				);
				GCC_SYMBOLS_PRIVATE_EXTERN = NO;
				GCC_WARN_64_TO_32_BIT_CONVERSION = YES;
				GCC_WARN_ABOUT_RETURN_TYPE = YES_ERROR;
				GCC_WARN_UNDECLARED_SELECTOR = YES;
				GCC_WARN_UNINITIALIZED_AUTOS = YES_AGGRESSIVE;
				GCC_WARN_UNUSED_FUNCTION = YES;
				GCC_WARN_UNUSED_VARIABLE = YES;
				IPHONEOS_DEPLOYMENT_TARGET = 8.1;
				MTL_ENABLE_DEBUG_INFO = YES;
				ONLY_ACTIVE_ARCH = YES;
				SDKROOT = iphoneos;
				SWIFT_OPTIMIZATION_LEVEL = "-Onone";
				TARGETED_DEVICE_FAMILY = "1,2";
			};
			name = Debug;
		};
		655434331A78A74700437448 /* Release */ = {
			isa = XCBuildConfiguration;
			buildSettings = {
				ALWAYS_SEARCH_USER_PATHS = NO;
				CLANG_CXX_LANGUAGE_STANDARD = "gnu++0x";
				CLANG_CXX_LIBRARY = "libc++";
				CLANG_ENABLE_MODULES = YES;
				CLANG_ENABLE_OBJC_ARC = YES;
				CLANG_WARN_BOOL_CONVERSION = YES;
				CLANG_WARN_CONSTANT_CONVERSION = YES;
				CLANG_WARN_DIRECT_OBJC_ISA_USAGE = YES_ERROR;
				CLANG_WARN_EMPTY_BODY = YES;
				CLANG_WARN_ENUM_CONVERSION = YES;
				CLANG_WARN_INT_CONVERSION = YES;
				CLANG_WARN_OBJC_ROOT_CLASS = YES_ERROR;
				CLANG_WARN_UNREACHABLE_CODE = YES;
				CLANG_WARN__DUPLICATE_METHOD_MATCH = YES;
				"CODE_SIGN_IDENTITY[sdk=iphoneos*]" = "iPhone Developer";
				COPY_PHASE_STRIP = YES;
				ENABLE_NS_ASSERTIONS = NO;
				ENABLE_STRICT_OBJC_MSGSEND = YES;
				GCC_C_LANGUAGE_STANDARD = gnu99;
				GCC_WARN_64_TO_32_BIT_CONVERSION = YES;
				GCC_WARN_ABOUT_RETURN_TYPE = YES_ERROR;
				GCC_WARN_UNDECLARED_SELECTOR = YES;
				GCC_WARN_UNINITIALIZED_AUTOS = YES_AGGRESSIVE;
				GCC_WARN_UNUSED_FUNCTION = YES;
				GCC_WARN_UNUSED_VARIABLE = YES;
				IPHONEOS_DEPLOYMENT_TARGET = 8.1;
				MTL_ENABLE_DEBUG_INFO = NO;
				SDKROOT = iphoneos;
				TARGETED_DEVICE_FAMILY = "1,2";
				VALIDATE_PRODUCT = YES;
			};
			name = Release;
		};
		655434351A78A74700437448 /* Debug */ = {
			isa = XCBuildConfiguration;
			buildSettings = {
				ASSETCATALOG_COMPILER_APPICON_NAME = AppIcon;
				INFOPLIST_FILE = Postcard/Info.plist;
				LD_RUNPATH_SEARCH_PATHS = "$(inherited) @executable_path/Frameworks";
				PRODUCT_NAME = "$(TARGET_NAME)";
			};
			name = Debug;
		};
		655434361A78A74700437448 /* Release */ = {
			isa = XCBuildConfiguration;
			buildSettings = {
				ASSETCATALOG_COMPILER_APPICON_NAME = AppIcon;
				INFOPLIST_FILE = Postcard/Info.plist;
				LD_RUNPATH_SEARCH_PATHS = "$(inherited) @executable_path/Frameworks";
				PRODUCT_NAME = "$(TARGET_NAME)";
			};
			name = Release;
		};
		655434381A78A74700437448 /* Debug */ = {
			isa = XCBuildConfiguration;
			buildSettings = {
				BUNDLE_LOADER = "$(TEST_HOST)";
				FRAMEWORK_SEARCH_PATHS = (
					"$(SDKROOT)/Developer/Library/Frameworks",
					"$(inherited)",
				);
				GCC_PREPROCESSOR_DEFINITIONS = (
					"DEBUG=1",
					"$(inherited)",
				);
				INFOPLIST_FILE = PostcardTests/Info.plist;
				LD_RUNPATH_SEARCH_PATHS = "$(inherited) @executable_path/Frameworks @loader_path/Frameworks";
				PRODUCT_NAME = "$(TARGET_NAME)";
				TEST_HOST = "$(BUILT_PRODUCTS_DIR)/Postcard.app/Postcard";
			};
			name = Debug;
		};
		655434391A78A74700437448 /* Release */ = {
			isa = XCBuildConfiguration;
			buildSettings = {
				BUNDLE_LOADER = "$(TEST_HOST)";
				FRAMEWORK_SEARCH_PATHS = (
					"$(SDKROOT)/Developer/Library/Frameworks",
					"$(inherited)",
				);
				INFOPLIST_FILE = PostcardTests/Info.plist;
				LD_RUNPATH_SEARCH_PATHS = "$(inherited) @executable_path/Frameworks @loader_path/Frameworks";
				PRODUCT_NAME = "$(TARGET_NAME)";
				TEST_HOST = "$(BUILT_PRODUCTS_DIR)/Postcard.app/Postcard";
			};
			name = Release;
		};
/* End XCBuildConfiguration section */

/* Begin XCConfigurationList section */
		655434101A78A74600437448 /* Build configuration list for PBXProject "Postcard" */ = {
			isa = XCConfigurationList;
			buildConfigurations = (
				655434321A78A74700437448 /* Debug */,
				655434331A78A74700437448 /* Release */,
			);
			defaultConfigurationIsVisible = 0;
			defaultConfigurationName = Release;
		};
		655434341A78A74700437448 /* Build configuration list for PBXNativeTarget "Postcard" */ = {
			isa = XCConfigurationList;
			buildConfigurations = (
				655434351A78A74700437448 /* Debug */,
				655434361A78A74700437448 /* Release */,
			);
			defaultConfigurationIsVisible = 0;
		};
		655434371A78A74700437448 /* Build configuration list for PBXNativeTarget "PostcardTests" */ = {
			isa = XCConfigurationList;
			buildConfigurations = (
				655434381A78A74700437448 /* Debug */,
				655434391A78A74700437448 /* Release */,
			);
			defaultConfigurationIsVisible = 0;
		};
/* End XCConfigurationList section */
	};
	rootObject = 6554340D1A78A74600437448 /* Project object */;
}
